{
  "name": "serverless-playground",
  "version": "1.0.0",
  "lockfileVersion": 1,
  "requires": true,
  "dependencies": {
    "lorem-ipsum": {
      "version": "1.0.5",
      "resolved": "https://registry.npmjs.org/lorem-ipsum/-/lorem-ipsum-1.0.5.tgz",
      "integrity": "sha512-GW1N2mqtS1qRf4WHmQ/g/asGXXd2dciLUDEsz5hZQfVJNWHUZX0zsJDLfV581de4OOCrBRiTifyoSuSSUwIEdg==",
      "requires": {
        "minimist": "1.2.0"
      }
    },
    "minimist": {
      "version": "1.2.0",
      "resolved": "https://registry.npmjs.org/minimist/-/minimist-1.2.0.tgz",
      "integrity": "sha1-o1AIsg9BOD7sH7kU9M1d95omQoQ="
    }
  }
}
